
Microsoft Visual Studio Solution File, Format Version 12.00
# Visual Studio 15
VisualStudioVersion = 15.0.27004.2006
MinimumVisualStudioVersion = 10.0.40219.1
Project("{FAE04EC0-301F-11D3-BF4B-00C04F79EFBC}") = "MvcMovie", "MvcMovie\MvcMovie.csproj", "{2C4FC0CB-785A-4AF9-8718-249C994388CF}"
EndProject
Global
	GlobalSection(SolutionConfigurationPlatforms) = preSolution
		Debug|Any CPU = Debug|Any CPU
		Release|Any CPU = Release|Any CPU
	EndGlobalSection
	GlobalSection(ProjectConfigurationPlatforms) = postSolution
		{2C4FC0CB-785A-4AF9-8718-249C994388CF}.Debug|Any CPU.ActiveCfg = Debug|Any CPU
		{2C4FC0CB-785A-4AF9-8718-249C994388CF}.Debug|Any CPU.Build.0 = Debug|Any CPU
		{2C4FC0CB-785A-4AF9-8718-249C994388CF}.Release|Any CPU.ActiveCfg = Release|Any CPU
		{2C4FC0CB-785A-4AF9-8718-249C994388CF}.Release|Any CPU.Build.0 = Release|Any CPU
	EndGlobalSection
	GlobalSection(SolutionProperties) = preSolution
		HideSolutionNode = FALSE
	EndGlobalSection
	GlobalSection(ExtensibilityGlobals) = postSolution
		SolutionGuid = {FEA6B509-DD9E-4F25-A3C2-839999CB1C00}
	EndGlobalSection
EndGlobal
